{
  "version": 4,
  "terraform_version": "1.1.1",
  "serial": 6,
  "lineage": "c50d926a-1965-ff8b-1c83-a8caabc4881a",
  "outputs": {},
  "resources": [
    {
      "mode": "managed",
      "type": "azurerm_container_group",
      "name": "example",
      "provider": "provider[\"registry.terraform.io/hashicorp/azurerm\"]",
      "instances": [
        {
          "schema_version": 0,
          "attributes": {
            "container": [
              {
                "commands": [],
                "cpu": 0.5,
                "environment_variables": {},
                "gpu": [],
                "image": "dixonjose/lab:1",
                "liveness_probe": [],
                "memory": 1.5,
                "name": "weatherapi",
                "ports": [
                  {
                    "port": 80,
                    "protocol": "TCP"
                  }
                ],
                "readiness_probe": [],
                "secure_environment_variables": {},
                "volume": []
              }
            ],
            "diagnostics": [],
            "dns_config": [],
            "dns_name_label": "example-weatherapi",
            "fqdn": "example-weatherapi.westeurope.azurecontainer.io",
            "id": "/subscriptions/894d373b-aa3a-4486-9383-f3bc91eb97a3/resourceGroups/example-resources/providers/Microsoft.ContainerInstance/containerGroups/example-continst",
            "identity": [],
            "image_registry_credential": [],
            "ip_address": "51.138.49.177",
            "ip_address_type": "Public",
            "location": "westeurope",
            "name": "example-continst",
            "network_profile_id": null,
            "os_type": "Linux",
            "resource_group_name": "example-resources",
            "restart_policy": "Always",
            "tags": {},
            "timeouts": null
          },
          "sensitive_attributes": [],
          "private": "eyJlMmJmYjczMC1lY2FhLTExZTYtOGY4OC0zNDM2M2JjN2M0YzAiOnsiY3JlYXRlIjoxODAwMDAwMDAwMDAwLCJkZWxldGUiOjE4MDAwMDAwMDAwMDAsInJlYWQiOjMwMDAwMDAwMDAwMCwidXBkYXRlIjoxODAwMDAwMDAwMDAwfX0=",
          "dependencies": [
            "azurerm_resource_group.example"
          ]
        }
      ]
    },
    {
      "mode": "managed",
      "type": "azurerm_resource_group",
      "name": "example",
      "provider": "provider[\"registry.terraform.io/hashicorp/azurerm\"]",
      "instances": [
        {
          "schema_version": 0,
          "attributes": {
            "id": "/subscriptions/894d373b-aa3a-4486-9383-f3bc91eb97a3/resourceGroups/example-resources",
            "location": "westeurope",
            "name": "example-resources",
            "tags": {},
            "timeouts": null
          },
          "sensitive_attributes": [],
          "private": "eyJlMmJmYjczMC1lY2FhLTExZTYtOGY4OC0zNDM2M2JjN2M0YzAiOnsiY3JlYXRlIjo1NDAwMDAwMDAwMDAwLCJkZWxldGUiOjU0MDAwMDAwMDAwMDAsInJlYWQiOjMwMDAwMDAwMDAwMCwidXBkYXRlIjo1NDAwMDAwMDAwMDAwfX0="
        }
      ]
    }
  ]
}
